<?xml version="1.0" encoding="utf-8"?>
<Project ToolsVersion="4.0" xmlns="http://schemas.microsoft.com/developer/msbuild/2003">
  <ItemGroup>
    <Filter Include="Entities">
      <UniqueIdentifier>{67DA6AB6-F800-4c08-8B7A-83BB121AAD01}</UniqueIdentifier>
      <Extensions>rc;ico;cur;bmp;dlg;rc2;rct;bin;rgs;gif;jpg;jpeg;jpe;resx;tiff;tif;png;wav;mfcribbon-ms</Extensions>
    </Filter>
    <Filter Include="screens">
      <UniqueIdentifier>{4FC737F1-C7A5-4376-A066-2A32D752A2FF}</UniqueIdentifier>
      <Extensions>cpp;c;cc;cxx;c++;cppm;ixx;def;odl;idl;hpj;bat;asm;asmx</Extensions>
    </Filter>
  </ItemGroup>
  <ItemGroup>
    <ClCompile Include="res\entities\agile_obs.cpp">
      <Filter>Entities</Filter>
    </ClCompile>
    <ClCompile Include="res\entities\character.cpp">
      <Filter>Entities</Filter>
    </ClCompile>
    <ClCompile Include="res\entities\obstacle.cpp">
      <Filter>Entities</Filter>
    </ClCompile>
    <ClCompile Include="res\screens\game.cpp">
      <Filter>screens</Filter>
    </ClCompile>
    <ClCompile Include="res\main.cpp" />
  </ItemGroup>
  <ItemGroup>
    <ClInclude Include="res\entities\agile_obs.h">
      <Filter>Entities</Filter>
    </ClInclude>
    <ClInclude Include="res\entities\character.h">
      <Filter>Entities</Filter>
    </ClInclude>
    <ClInclude Include="res\entities\obstacle.h">
      <Filter>Entities</Filter>
    </ClInclude>
    <ClInclude Include="res\screens\game.h">
      <Filter>screens</Filter>
    </ClInclude>
  </ItemGroup>
</Project>